
Microsoft Visual Studio Solution File, Format Version 12.00
# Visual Studio Version 16
VisualStudioVersion = 16.0.31729.503
MinimumVisualStudioVersion = 10.0.40219.1
Project("{8BC9CEB8-8B4A-11D0-8D11-00A0C91BC942}") = "othellogame", "othellogame\othellogame.vcxproj", "{796B6508-A7AC-446D-80F4-F34F17EC99C4}"
EndProject
Global
	GlobalSection(SolutionConfigurationPlatforms) = preSolution
		Debug|x64 = Debug|x64
		Debug|x86 = Debug|x86
		Release|x64 = Release|x64
		Release|x86 = Release|x86
	EndGlobalSection
	GlobalSection(ProjectConfigurationPlatforms) = postSolution
		{796B6508-A7AC-446D-80F4-F34F17EC99C4}.Debug|x64.ActiveCfg = Debug|x64
		{796B6508-A7AC-446D-80F4-F34F17EC99C4}.Debug|x64.Build.0 = Debug|x64
		{796B6508-A7AC-446D-80F4-F34F17EC99C4}.Debug|x86.ActiveCfg = Debug|Win32
		{796B6508-A7AC-446D-80F4-F34F17EC99C4}.Debug|x86.Build.0 = Debug|Win32
		{796B6508-A7AC-446D-80F4-F34F17EC99C4}.Release|x64.ActiveCfg = Release|x64
		{796B6508-A7AC-446D-80F4-F34F17EC99C4}.Release|x64.Build.0 = Release|x64
		{796B6508-A7AC-446D-80F4-F34F17EC99C4}.Release|x86.ActiveCfg = Release|Win32
		{796B6508-A7AC-446D-80F4-F34F17EC99C4}.Release|x86.Build.0 = Release|Win32
	EndGlobalSection
	GlobalSection(SolutionProperties) = preSolution
		HideSolutionNode = FALSE
	EndGlobalSection
	GlobalSection(ExtensibilityGlobals) = postSolution
		SolutionGuid = {8D1EE9A2-8BD2-417A-A6EE-B7B55531C672}
	EndGlobalSection
EndGlobal
